
Microsoft Visual Studio Solution File, Format Version 12.00
# Visual Studio Version 17
VisualStudioVersion = 17.0.31919.166
MinimumVisualStudioVersion = 10.0.40219.1
Project("{9A19103F-16F7-4668-BE54-9A1E7A4F7556}") = "CompilerTest", "Compiler\CompilerTest.csproj", "{3DEB984E-FDE5-46BD-B94A-7E9E72844F0B}"
EndProject
Project("{FAE04EC0-301F-11D3-BF4B-00C04F79EFBC}") = "SchematicCreator", "SchematicCreator\SchematicCreator.csproj", "{A0B141D3-CA56-4BBF-AEBE-C62D38EFC8CA}"
EndProject
Global
	GlobalSection(SolutionConfigurationPlatforms) = preSolution
		Debug|Any CPU = Debug|Any CPU
		Release|Any CPU = Release|Any CPU
	EndGlobalSection
	GlobalSection(ProjectConfigurationPlatforms) = postSolution
		{3DEB984E-FDE5-46BD-B94A-7E9E72844F0B}.Debug|Any CPU.ActiveCfg = Debug|Any CPU
		{3DEB984E-FDE5-46BD-B94A-7E9E72844F0B}.Debug|Any CPU.Build.0 = Debug|Any CPU
		{3DEB984E-FDE5-46BD-B94A-7E9E72844F0B}.Release|Any CPU.ActiveCfg = Release|Any CPU
		{3DEB984E-FDE5-46BD-B94A-7E9E72844F0B}.Release|Any CPU.Build.0 = Release|Any CPU
		{A0B141D3-CA56-4BBF-AEBE-C62D38EFC8CA}.Debug|Any CPU.ActiveCfg = Debug|Any CPU
		{A0B141D3-CA56-4BBF-AEBE-C62D38EFC8CA}.Debug|Any CPU.Build.0 = Debug|Any CPU
		{A0B141D3-CA56-4BBF-AEBE-C62D38EFC8CA}.Release|Any CPU.ActiveCfg = Release|Any CPU
		{A0B141D3-CA56-4BBF-AEBE-C62D38EFC8CA}.Release|Any CPU.Build.0 = Release|Any CPU
	EndGlobalSection
	GlobalSection(SolutionProperties) = preSolution
		HideSolutionNode = FALSE
	EndGlobalSection
	GlobalSection(ExtensibilityGlobals) = postSolution
		SolutionGuid = {58ED6DCC-A792-453E-A665-D1AA0D52BC81}
	EndGlobalSection
EndGlobal
