
Microsoft Visual Studio Solution File, Format Version 12.00
# Visual Studio Version 17
VisualStudioVersion = 17.0.31919.166
MinimumVisualStudioVersion = 10.0.40219.1
Project("{9A19103F-16F7-4668-BE54-9A1E7A4F7556}") = "CompilerTest", "Compiler\CompilerTest.csproj", "{3DEB984E-FDE5-46BD-B94A-7E9E72844F0B}"
EndProject
Project("{9A19103F-16F7-4668-BE54-9A1E7A4F7556}") = "SchematicCreator", "SchematicCreator\SchematicCreator.csproj", "{A0B141D3-CA56-4BBF-AEBE-C62D38EFC8CA}"
EndProject
Project("{2150E333-8FDC-42A3-9474-1A3956D46DE8}") = "New", "New", "{BE797ADB-E1B3-4DC0-AB7B-597D2A6DD973}"
EndProject
Project("{9A19103F-16F7-4668-BE54-9A1E7A4F7556}") = "MCCompiler.Compiler.Lexer", "MCCompiler.Compiler.Lexer\MCCompiler.Compiler.Lexer.csproj", "{C1FE9643-3CE6-41FC-B8B5-B5FADDD9125D}"
EndProject
Project("{9A19103F-16F7-4668-BE54-9A1E7A4F7556}") = "MCCompiler.Compiler.Shared", "MCCompiler.Compiler.Shared\MCCompiler.Compiler.Shared.csproj", "{75D0046C-80B8-4F3F-A1AB-A6AF13376425}"
EndProject
Project("{9A19103F-16F7-4668-BE54-9A1E7A4F7556}") = "MCCompiler.Console", "MCCompiler.Console\MCCompiler.Console.csproj", "{C454BF64-32D4-49F4-9AA2-CFE7EA82E60A}"
EndProject
Project("{9A19103F-16F7-4668-BE54-9A1E7A4F7556}") = "MCCompiler.Compiler.Parser", "MCCompiler.Compiler.Parser\MCCompiler.Compiler.Parser.csproj", "{400FB4DE-20EA-4D0A-A519-647854723591}"
EndProject
Project("{2150E333-8FDC-42A3-9474-1A3956D46DE8}") = "Compiler", "Compiler", "{4226CCA8-84DD-43D7-95D9-FE6079538FB8}"
EndProject
Project("{9A19103F-16F7-4668-BE54-9A1E7A4F7556}") = "MCCompiler.Compiler.Analyzer", "MCCompiler.Compiler.Analyzer\MCCompiler.Compiler.Analyzer.csproj", "{BD39874D-C982-42EE-BEBE-191598BF8C17}"
EndProject
Project("{2150E333-8FDC-42A3-9474-1A3956D46DE8}") = "Assembler", "Assembler", "{502951AF-CED7-4464-B573-211904A18AFB}"
EndProject
Project("{9A19103F-16F7-4668-BE54-9A1E7A4F7556}") = "MCCompiler.Compiler.Abstraction", "MCCompiler.Compiler.Abstraction\MCCompiler.Compiler.Abstraction.csproj", "{70C3DA96-2259-4670-9233-0700357ACDEB}"
EndProject
Project("{9A19103F-16F7-4668-BE54-9A1E7A4F7556}") = "MCCompiler.Compiler.CodeGenerator", "MCCompiler.Compiler.CodeGenerator\MCCompiler.Compiler.CodeGenerator.csproj", "{4474390E-7B40-42A7-B794-85720B54D90E}"
EndProject
Project("{2150E333-8FDC-42A3-9474-1A3956D46DE8}") = "SchematicGenerator", "SchematicGenerator", "{EC1FF998-E590-40BC-A307-6B4A26BD69CC}"
EndProject
Project("{9A19103F-16F7-4668-BE54-9A1E7A4F7556}") = "MCCompiler.Assembler.TargetCodeGenerator", "MCCompiler.Compiler.TargetCodeGenerator\MCCompiler.Assembler.TargetCodeGenerator.csproj", "{A07EFC21-6DD0-446F-B92D-377504E34A6C}"
EndProject
Project("{9A19103F-16F7-4668-BE54-9A1E7A4F7556}") = "MCCompiler.Assembler.Abstraction", "MCCompiler.Assembler.Abstraction\MCCompiler.Assembler.Abstraction.csproj", "{E0F1B095-B0DD-49F6-A793-195AB60241CF}"
EndProject
Project("{FAE04EC0-301F-11D3-BF4B-00C04F79EFBC}") = "MCCompiler.Shared", "MCCompiler.Shared\MCCompiler.Shared.csproj", "{4671D403-4844-46E2-B614-FFF6926671FE}"
EndProject
Global
	GlobalSection(SolutionConfigurationPlatforms) = preSolution
		Debug|Any CPU = Debug|Any CPU
		Release|Any CPU = Release|Any CPU
	EndGlobalSection
	GlobalSection(ProjectConfigurationPlatforms) = postSolution
		{3DEB984E-FDE5-46BD-B94A-7E9E72844F0B}.Debug|Any CPU.ActiveCfg = Debug|Any CPU
		{3DEB984E-FDE5-46BD-B94A-7E9E72844F0B}.Debug|Any CPU.Build.0 = Debug|Any CPU
		{3DEB984E-FDE5-46BD-B94A-7E9E72844F0B}.Release|Any CPU.ActiveCfg = Release|Any CPU
		{3DEB984E-FDE5-46BD-B94A-7E9E72844F0B}.Release|Any CPU.Build.0 = Release|Any CPU
		{A0B141D3-CA56-4BBF-AEBE-C62D38EFC8CA}.Debug|Any CPU.ActiveCfg = Debug|Any CPU
		{A0B141D3-CA56-4BBF-AEBE-C62D38EFC8CA}.Debug|Any CPU.Build.0 = Debug|Any CPU
		{A0B141D3-CA56-4BBF-AEBE-C62D38EFC8CA}.Release|Any CPU.ActiveCfg = Release|Any CPU
		{A0B141D3-CA56-4BBF-AEBE-C62D38EFC8CA}.Release|Any CPU.Build.0 = Release|Any CPU
		{C1FE9643-3CE6-41FC-B8B5-B5FADDD9125D}.Debug|Any CPU.ActiveCfg = Debug|Any CPU
		{C1FE9643-3CE6-41FC-B8B5-B5FADDD9125D}.Debug|Any CPU.Build.0 = Debug|Any CPU
		{C1FE9643-3CE6-41FC-B8B5-B5FADDD9125D}.Release|Any CPU.ActiveCfg = Release|Any CPU
		{C1FE9643-3CE6-41FC-B8B5-B5FADDD9125D}.Release|Any CPU.Build.0 = Release|Any CPU
		{75D0046C-80B8-4F3F-A1AB-A6AF13376425}.Debug|Any CPU.ActiveCfg = Debug|Any CPU
		{75D0046C-80B8-4F3F-A1AB-A6AF13376425}.Debug|Any CPU.Build.0 = Debug|Any CPU
		{75D0046C-80B8-4F3F-A1AB-A6AF13376425}.Release|Any CPU.ActiveCfg = Release|Any CPU
		{75D0046C-80B8-4F3F-A1AB-A6AF13376425}.Release|Any CPU.Build.0 = Release|Any CPU
		{C454BF64-32D4-49F4-9AA2-CFE7EA82E60A}.Debug|Any CPU.ActiveCfg = Debug|Any CPU
		{C454BF64-32D4-49F4-9AA2-CFE7EA82E60A}.Debug|Any CPU.Build.0 = Debug|Any CPU
		{C454BF64-32D4-49F4-9AA2-CFE7EA82E60A}.Release|Any CPU.ActiveCfg = Release|Any CPU
		{C454BF64-32D4-49F4-9AA2-CFE7EA82E60A}.Release|Any CPU.Build.0 = Release|Any CPU
		{400FB4DE-20EA-4D0A-A519-647854723591}.Debug|Any CPU.ActiveCfg = Debug|Any CPU
		{400FB4DE-20EA-4D0A-A519-647854723591}.Debug|Any CPU.Build.0 = Debug|Any CPU
		{400FB4DE-20EA-4D0A-A519-647854723591}.Release|Any CPU.ActiveCfg = Release|Any CPU
		{400FB4DE-20EA-4D0A-A519-647854723591}.Release|Any CPU.Build.0 = Release|Any CPU
		{BD39874D-C982-42EE-BEBE-191598BF8C17}.Debug|Any CPU.ActiveCfg = Debug|Any CPU
		{BD39874D-C982-42EE-BEBE-191598BF8C17}.Debug|Any CPU.Build.0 = Debug|Any CPU
		{BD39874D-C982-42EE-BEBE-191598BF8C17}.Release|Any CPU.ActiveCfg = Release|Any CPU
		{BD39874D-C982-42EE-BEBE-191598BF8C17}.Release|Any CPU.Build.0 = Release|Any CPU
		{70C3DA96-2259-4670-9233-0700357ACDEB}.Debug|Any CPU.ActiveCfg = Debug|Any CPU
		{70C3DA96-2259-4670-9233-0700357ACDEB}.Debug|Any CPU.Build.0 = Debug|Any CPU
		{70C3DA96-2259-4670-9233-0700357ACDEB}.Release|Any CPU.ActiveCfg = Release|Any CPU
		{70C3DA96-2259-4670-9233-0700357ACDEB}.Release|Any CPU.Build.0 = Release|Any CPU
		{4474390E-7B40-42A7-B794-85720B54D90E}.Debug|Any CPU.ActiveCfg = Debug|Any CPU
		{4474390E-7B40-42A7-B794-85720B54D90E}.Debug|Any CPU.Build.0 = Debug|Any CPU
		{4474390E-7B40-42A7-B794-85720B54D90E}.Release|Any CPU.ActiveCfg = Release|Any CPU
		{4474390E-7B40-42A7-B794-85720B54D90E}.Release|Any CPU.Build.0 = Release|Any CPU
		{A07EFC21-6DD0-446F-B92D-377504E34A6C}.Debug|Any CPU.ActiveCfg = Debug|Any CPU
		{A07EFC21-6DD0-446F-B92D-377504E34A6C}.Debug|Any CPU.Build.0 = Debug|Any CPU
		{A07EFC21-6DD0-446F-B92D-377504E34A6C}.Release|Any CPU.ActiveCfg = Release|Any CPU
		{A07EFC21-6DD0-446F-B92D-377504E34A6C}.Release|Any CPU.Build.0 = Release|Any CPU
		{E0F1B095-B0DD-49F6-A793-195AB60241CF}.Debug|Any CPU.ActiveCfg = Debug|Any CPU
		{E0F1B095-B0DD-49F6-A793-195AB60241CF}.Debug|Any CPU.Build.0 = Debug|Any CPU
		{E0F1B095-B0DD-49F6-A793-195AB60241CF}.Release|Any CPU.ActiveCfg = Release|Any CPU
		{E0F1B095-B0DD-49F6-A793-195AB60241CF}.Release|Any CPU.Build.0 = Release|Any CPU
		{4671D403-4844-46E2-B614-FFF6926671FE}.Debug|Any CPU.ActiveCfg = Debug|Any CPU
		{4671D403-4844-46E2-B614-FFF6926671FE}.Debug|Any CPU.Build.0 = Debug|Any CPU
		{4671D403-4844-46E2-B614-FFF6926671FE}.Release|Any CPU.ActiveCfg = Release|Any CPU
		{4671D403-4844-46E2-B614-FFF6926671FE}.Release|Any CPU.Build.0 = Release|Any CPU
	EndGlobalSection
	GlobalSection(SolutionProperties) = preSolution
		HideSolutionNode = FALSE
	EndGlobalSection
	GlobalSection(NestedProjects) = preSolution
		{A0B141D3-CA56-4BBF-AEBE-C62D38EFC8CA} = {EC1FF998-E590-40BC-A307-6B4A26BD69CC}
		{C1FE9643-3CE6-41FC-B8B5-B5FADDD9125D} = {4226CCA8-84DD-43D7-95D9-FE6079538FB8}
		{75D0046C-80B8-4F3F-A1AB-A6AF13376425} = {4226CCA8-84DD-43D7-95D9-FE6079538FB8}
		{C454BF64-32D4-49F4-9AA2-CFE7EA82E60A} = {BE797ADB-E1B3-4DC0-AB7B-597D2A6DD973}
		{400FB4DE-20EA-4D0A-A519-647854723591} = {4226CCA8-84DD-43D7-95D9-FE6079538FB8}
		{4226CCA8-84DD-43D7-95D9-FE6079538FB8} = {BE797ADB-E1B3-4DC0-AB7B-597D2A6DD973}
		{BD39874D-C982-42EE-BEBE-191598BF8C17} = {4226CCA8-84DD-43D7-95D9-FE6079538FB8}
		{502951AF-CED7-4464-B573-211904A18AFB} = {BE797ADB-E1B3-4DC0-AB7B-597D2A6DD973}
		{70C3DA96-2259-4670-9233-0700357ACDEB} = {4226CCA8-84DD-43D7-95D9-FE6079538FB8}
		{4474390E-7B40-42A7-B794-85720B54D90E} = {4226CCA8-84DD-43D7-95D9-FE6079538FB8}
		{EC1FF998-E590-40BC-A307-6B4A26BD69CC} = {BE797ADB-E1B3-4DC0-AB7B-597D2A6DD973}
		{A07EFC21-6DD0-446F-B92D-377504E34A6C} = {502951AF-CED7-4464-B573-211904A18AFB}
		{E0F1B095-B0DD-49F6-A793-195AB60241CF} = {502951AF-CED7-4464-B573-211904A18AFB}
		{4671D403-4844-46E2-B614-FFF6926671FE} = {BE797ADB-E1B3-4DC0-AB7B-597D2A6DD973}
	EndGlobalSection
	GlobalSection(ExtensibilityGlobals) = postSolution
		SolutionGuid = {58ED6DCC-A792-453E-A665-D1AA0D52BC81}
	EndGlobalSection
EndGlobal
